{
  "lockfile_version": "1",
  "packages": {
    "github:NixOS/nixpkgs/nixpkgs-unstable": {
      "last_modified": "2025-06-25T15:38:15Z",
      "resolved": "github:NixOS/nixpkgs/61c0f513911459945e2cb8bf333dc849f1b976ff?lastModified=1750865895&narHash=sha256-p2dWAQcLVzquy9LxYCZPwyUdugw78Qv3ChvnX755qHA%3D"
    },
    "upbound@latest": {
      "last_modified": "2025-06-20T02:24:11Z",
      "resolved": "github:NixOS/nixpkgs/076e8c6678d8c54204abcb4b1b14c366835a58bb#upbound",
      "source": "devbox-search",
      "version": "0.39.0",
      "systems": {
        "aarch64-darwin": {
          "outputs": [
            {
              "name": "out",
              "path": "/nix/store/0vqsl4kgwqhasbk77a6h5n96nakz5wyv-upbound-0.39.0",
              "default": true
            }
          ],
          "store_path": "/nix/store/0vqsl4kgwqhasbk77a6h5n96nakz5wyv-upbound-0.39.0"
        },
        "aarch64-linux": {
          "outputs": [
            {
              "name": "out",
              "path": "/nix/store/jldip155xrh3hhxkaalc3ixql87g7lsc-upbound-0.39.0",
              "default": true
            }
          ],
          "store_path": "/nix/store/jldip155xrh3hhxkaalc3ixql87g7lsc-upbound-0.39.0"
        },
        "x86_64-darwin": {
          "outputs": [
            {
              "name": "out",
              "path": "/nix/store/f3fcrf99sisznyma676zj2wfkgn6ql55-upbound-0.39.0",
              "default": true
            }
          ],
          "store_path": "/nix/store/f3fcrf99sisznyma676zj2wfkgn6ql55-upbound-0.39.0"
        },
        "x86_64-linux": {
          "outputs": [
            {
              "name": "out",
              "path": "/nix/store/67mpapxqh2a5s2jw28q31gk6lc9h4hxl-upbound-0.39.0",
              "default": true
            }
          ],
          "store_path": "/nix/store/67mpapxqh2a5s2jw28q31gk6lc9h4hxl-upbound-0.39.0"
        }
      }
    }
  }
}
